
Microsoft Visual Studio Solution File, Format Version 12.00
# Visual Studio Version 16
VisualStudioVersion = 16.0.30204.135
MinimumVisualStudioVersion = 10.0.40219.1
Project("{FAE04EC0-301F-11D3-BF4B-00C04F79EFBC}") = "ConsoleApp1", "ConsoleApp1\ConsoleApp1.csproj", "{3D3974D2-E967-4476-B690-F7E0323EFA4A}"
EndProject
Global
	GlobalSection(SolutionConfigurationPlatforms) = preSolution
		Debug|Any CPU = Debug|Any CPU
		Release|Any CPU = Release|Any CPU
	EndGlobalSection
	GlobalSection(ProjectConfigurationPlatforms) = postSolution
		{3D3974D2-E967-4476-B690-F7E0323EFA4A}.Debug|Any CPU.ActiveCfg = Debug|Any CPU
		{3D3974D2-E967-4476-B690-F7E0323EFA4A}.Debug|Any CPU.Build.0 = Debug|Any CPU
		{3D3974D2-E967-4476-B690-F7E0323EFA4A}.Release|Any CPU.ActiveCfg = Release|Any CPU
		{3D3974D2-E967-4476-B690-F7E0323EFA4A}.Release|Any CPU.Build.0 = Release|Any CPU
	EndGlobalSection
	GlobalSection(SolutionProperties) = preSolution
		HideSolutionNode = FALSE
	EndGlobalSection
	GlobalSection(ExtensibilityGlobals) = postSolution
		SolutionGuid = {8F344671-C1C8-42A3-8724-D6C236CD0993}
	EndGlobalSection
EndGlobal
